// !$*UTF8*$!
{
	archiveVersion = 1;
	classes = {
	};
	objectVersion = 50;
	objects = {

/* Begin PBXBuildFile section */
		84077E0C233A02A60000C8A3 /* LifecycleViewController.swift in Sources */ = {isa = PBXBuildFile; fileRef = 84077E0B233A02A60000C8A3 /* LifecycleViewController.swift */; };
		84077E0E233A07DF0000C8A3 /* XibView.xib in Resources */ = {isa = PBXBuildFile; fileRef = 84077E0D233A07DF0000C8A3 /* XibView.xib */; };
		84077E10233A08470000C8A3 /* XibView.swift in Sources */ = {isa = PBXBuildFile; fileRef = 84077E0F233A08470000C8A3 /* XibView.swift */; };
		842D1D2623324DCA00ED7506 /* AppDelegate.swift in Sources */ = {isa = PBXBuildFile; fileRef = 842D1D2523324DCA00ED7506 /* AppDelegate.swift */; };
		842D1D2823324DCA00ED7506 /* AViewController.swift in Sources */ = {isa = PBXBuildFile; fileRef = 842D1D2723324DCA00ED7506 /* AViewController.swift */; };
		842D1D2B23324DCA00ED7506 /* Main.storyboard in Resources */ = {isa = PBXBuildFile; fileRef = 842D1D2923324DCA00ED7506 /* Main.storyboard */; };
		842D1D2D23324DCC00ED7506 /* Assets.xcassets in Resources */ = {isa = PBXBuildFile; fileRef = 842D1D2C23324DCC00ED7506 /* Assets.xcassets */; };
		842D1D3023324DCC00ED7506 /* LaunchScreen.storyboard in Resources */ = {isa = PBXBuildFile; fileRef = 842D1D2E23324DCC00ED7506 /* LaunchScreen.storyboard */; };
		842D1D3823324E0B00ED7506 /* BViewController.swift in Sources */ = {isa = PBXBuildFile; fileRef = 842D1D3723324E0B00ED7506 /* BViewController.swift */; };
		845E39EA2338B08C001111C3 /* Constraine.storyboard in Resources */ = {isa = PBXBuildFile; fileRef = 845E39E92338B08C001111C3 /* Constraine.storyboard */; };
		845E39EE2338BE9C001111C3 /* ConstraintViewController.swift in Sources */ = {isa = PBXBuildFile; fileRef = 845E39ED2338BE9B001111C3 /* ConstraintViewController.swift */; };
		845E39F02338C25C001111C3 /* AnimationViewController.swift in Sources */ = {isa = PBXBuildFile; fileRef = 845E39EF2338C25C001111C3 /* AnimationViewController.swift */; };
		846BA699233A52B90073479F /* Shop.storyboard in Resources */ = {isa = PBXBuildFile; fileRef = 846BA698233A52B90073479F /* Shop.storyboard */; };
		846BA69C233A54E10073479F /* ShopViewController.swift in Sources */ = {isa = PBXBuildFile; fileRef = 846BA69B233A54E10073479F /* ShopViewController.swift */; };
		846BA6A1233A558D0073479F /* ItemCell.swift in Sources */ = {isa = PBXBuildFile; fileRef = 846BA69F233A558D0073479F /* ItemCell.swift */; };
		846BA6A2233A558D0073479F /* ItemCell.xib in Resources */ = {isa = PBXBuildFile; fileRef = 846BA6A0233A558D0073479F /* ItemCell.xib */; };
		846BA6A5233A57420073479F /* ShopModel.swift in Sources */ = {isa = PBXBuildFile; fileRef = 846BA6A4233A57420073479F /* ShopModel.swift */; };
		846BA6A7233A77BD0073479F /* BuyViewController.swift in Sources */ = {isa = PBXBuildFile; fileRef = 846BA6A6233A77BC0073479F /* BuyViewController.swift */; };
		846BA6AA233A7A420073479F /* BuyCell.swift in Sources */ = {isa = PBXBuildFile; fileRef = 846BA6A8233A7A420073479F /* BuyCell.swift */; };
		846BA6AB233A7A420073479F /* BuyCell.xib in Resources */ = {isa = PBXBuildFile; fileRef = 846BA6A9233A7A420073479F /* BuyCell.xib */; };
		849BF295233B4EED00B33C64 /* Extension.storyboard in Resources */ = {isa = PBXBuildFile; fileRef = 849BF294233B4EED00B33C64 /* Extension.storyboard */; };
		849BF297233B4F5600B33C64 /* ExtensionViewController.swift in Sources */ = {isa = PBXBuildFile; fileRef = 849BF296233B4F5600B33C64 /* ExtensionViewController.swift */; };
		849BF299233B504300B33C64 /* StringExtension.swift in Sources */ = {isa = PBXBuildFile; fileRef = 849BF298233B504300B33C64 /* StringExtension.swift */; };
		849BF29B233B56EE00B33C64 /* ExtensionProtocol.swift in Sources */ = {isa = PBXBuildFile; fileRef = 849BF29A233B56EE00B33C64 /* ExtensionProtocol.swift */; };
/* End PBXBuildFile section */

/* Begin PBXFileReference section */
		84077E0B233A02A60000C8A3 /* LifecycleViewController.swift */ = {isa = PBXFileReference; lastKnownFileType = sourcecode.swift; path = LifecycleViewController.swift; sourceTree = "<group>"; };
		84077E0D233A07DF0000C8A3 /* XibView.xib */ = {isa = PBXFileReference; lastKnownFileType = file.xib; path = XibView.xib; sourceTree = "<group>"; };
		84077E0F233A08470000C8A3 /* XibView.swift */ = {isa = PBXFileReference; lastKnownFileType = sourcecode.swift; path = XibView.swift; sourceTree = "<group>"; };
		842D1D2223324DCA00ED7506 /* AndersenTest.app */ = {isa = PBXFileReference; explicitFileType = wrapper.application; includeInIndex = 0; path = AndersenTest.app; sourceTree = BUILT_PRODUCTS_DIR; };
		842D1D2523324DCA00ED7506 /* AppDelegate.swift */ = {isa = PBXFileReference; lastKnownFileType = sourcecode.swift; path = AppDelegate.swift; sourceTree = "<group>"; };
		842D1D2723324DCA00ED7506 /* AViewController.swift */ = {isa = PBXFileReference; lastKnownFileType = sourcecode.swift; path = AViewController.swift; sourceTree = "<group>"; };
		842D1D2A23324DCA00ED7506 /* Base */ = {isa = PBXFileReference; lastKnownFileType = file.storyboard; name = Base; path = Base.lproj/Main.storyboard; sourceTree = "<group>"; };
		842D1D2C23324DCC00ED7506 /* Assets.xcassets */ = {isa = PBXFileReference; lastKnownFileType = folder.assetcatalog; path = Assets.xcassets; sourceTree = "<group>"; };
		842D1D2F23324DCC00ED7506 /* Base */ = {isa = PBXFileReference; lastKnownFileType = file.storyboard; name = Base; path = Base.lproj/LaunchScreen.storyboard; sourceTree = "<group>"; };
		842D1D3123324DCC00ED7506 /* Info.plist */ = {isa = PBXFileReference; lastKnownFileType = text.plist.xml; path = Info.plist; sourceTree = "<group>"; };
		842D1D3723324E0B00ED7506 /* BViewController.swift */ = {isa = PBXFileReference; lastKnownFileType = sourcecode.swift; path = BViewController.swift; sourceTree = "<group>"; };
		845E39E92338B08C001111C3 /* Constraine.storyboard */ = {isa = PBXFileReference; lastKnownFileType = file.storyboard; path = Constraine.storyboard; sourceTree = "<group>"; };
		845E39ED2338BE9B001111C3 /* ConstraintViewController.swift */ = {isa = PBXFileReference; lastKnownFileType = sourcecode.swift; path = ConstraintViewController.swift; sourceTree = "<group>"; };
		845E39EF2338C25C001111C3 /* AnimationViewController.swift */ = {isa = PBXFileReference; lastKnownFileType = sourcecode.swift; path = AnimationViewController.swift; sourceTree = "<group>"; };
		846BA698233A52B90073479F /* Shop.storyboard */ = {isa = PBXFileReference; lastKnownFileType = file.storyboard; path = Shop.storyboard; sourceTree = "<group>"; };
		846BA69B233A54E10073479F /* ShopViewController.swift */ = {isa = PBXFileReference; lastKnownFileType = sourcecode.swift; path = ShopViewController.swift; sourceTree = "<group>"; };
		846BA69F233A558D0073479F /* ItemCell.swift */ = {isa = PBXFileReference; lastKnownFileType = sourcecode.swift; path = ItemCell.swift; sourceTree = "<group>"; };
		846BA6A0233A558D0073479F /* ItemCell.xib */ = {isa = PBXFileReference; lastKnownFileType = file.xib; path = ItemCell.xib; sourceTree = "<group>"; };
		846BA6A4233A57420073479F /* ShopModel.swift */ = {isa = PBXFileReference; lastKnownFileType = sourcecode.swift; path = ShopModel.swift; sourceTree = "<group>"; };
		846BA6A6233A77BC0073479F /* BuyViewController.swift */ = {isa = PBXFileReference; lastKnownFileType = sourcecode.swift; path = BuyViewController.swift; sourceTree = "<group>"; };
		846BA6A8233A7A420073479F /* BuyCell.swift */ = {isa = PBXFileReference; lastKnownFileType = sourcecode.swift; path = BuyCell.swift; sourceTree = "<group>"; };
		846BA6A9233A7A420073479F /* BuyCell.xib */ = {isa = PBXFileReference; lastKnownFileType = file.xib; path = BuyCell.xib; sourceTree = "<group>"; };
		849BF294233B4EED00B33C64 /* Extension.storyboard */ = {isa = PBXFileReference; lastKnownFileType = file.storyboard; path = Extension.storyboard; sourceTree = "<group>"; };
		849BF296233B4F5600B33C64 /* ExtensionViewController.swift */ = {isa = PBXFileReference; lastKnownFileType = sourcecode.swift; path = ExtensionViewController.swift; sourceTree = "<group>"; };
		849BF298233B504300B33C64 /* StringExtension.swift */ = {isa = PBXFileReference; lastKnownFileType = sourcecode.swift; path = StringExtension.swift; sourceTree = "<group>"; };
		849BF29A233B56EE00B33C64 /* ExtensionProtocol.swift */ = {isa = PBXFileReference; lastKnownFileType = sourcecode.swift; path = ExtensionProtocol.swift; sourceTree = "<group>"; };
/* End PBXFileReference section */

/* Begin PBXFrameworksBuildPhase section */
		842D1D1F23324DC900ED7506 /* Frameworks */ = {
			isa = PBXFrameworksBuildPhase;
			buildActionMask = 2147483647;
			files = (
			);
			runOnlyForDeploymentPostprocessing = 0;
		};
/* End PBXFrameworksBuildPhase section */

/* Begin PBXGroup section */
		84077E0A233A02770000C8A3 /* LifeCycleVC */ = {
			isa = PBXGroup;
			children = (
				84077E0B233A02A60000C8A3 /* LifecycleViewController.swift */,
				84077E0D233A07DF0000C8A3 /* XibView.xib */,
				84077E0F233A08470000C8A3 /* XibView.swift */,
			);
			path = LifeCycleVC;
			sourceTree = "<group>";
		};
		842D1D1923324DC900ED7506 = {
			isa = PBXGroup;
			children = (
				842D1D2423324DCA00ED7506 /* AndersenTest */,
				842D1D2323324DCA00ED7506 /* Products */,
			);
			sourceTree = "<group>";
		};
		842D1D2323324DCA00ED7506 /* Products */ = {
			isa = PBXGroup;
			children = (
				842D1D2223324DCA00ED7506 /* AndersenTest.app */,
			);
			name = Products;
			sourceTree = "<group>";
		};
		842D1D2423324DCA00ED7506 /* AndersenTest */ = {
			isa = PBXGroup;
			children = (
				849BF293233B4EDA00B33C64 /* Extension */,
				845E39EB2338B0A3001111C3 /* SeguePush */,
				845E39EC2338B0C0001111C3 /* Constraint */,
				84077E0A233A02770000C8A3 /* LifeCycleVC */,
				842D1D2523324DCA00ED7506 /* AppDelegate.swift */,
				846BA69A233A52D30073479F /* ShopApplication */,
				842D1D2C23324DCC00ED7506 /* Assets.xcassets */,
				842D1D2E23324DCC00ED7506 /* LaunchScreen.storyboard */,
				842D1D3123324DCC00ED7506 /* Info.plist */,
			);
			path = AndersenTest;
			sourceTree = "<group>";
		};
		845E39EB2338B0A3001111C3 /* SeguePush */ = {
			isa = PBXGroup;
			children = (
				842D1D2723324DCA00ED7506 /* AViewController.swift */,
				842D1D3723324E0B00ED7506 /* BViewController.swift */,
				842D1D2923324DCA00ED7506 /* Main.storyboard */,
			);
			path = SeguePush;
			sourceTree = "<group>";
		};
		845E39EC2338B0C0001111C3 /* Constraint */ = {
			isa = PBXGroup;
			children = (
				845E39ED2338BE9B001111C3 /* ConstraintViewController.swift */,
				845E39EF2338C25C001111C3 /* AnimationViewController.swift */,
				845E39E92338B08C001111C3 /* Constraine.storyboard */,
			);
			path = Constraint;
			sourceTree = "<group>";
		};
		846BA69A233A52D30073479F /* ShopApplication */ = {
			isa = PBXGroup;
			children = (
				846BA6A3233A57350073479F /* Model */,
				846BA69E233A556A0073479F /* Cells */,
				846BA69D233A555B0073479F /* ViewControllers */,
				846BA698233A52B90073479F /* Shop.storyboard */,
			);
			path = ShopApplication;
			sourceTree = "<group>";
		};
		846BA69D233A555B0073479F /* ViewControllers */ = {
			isa = PBXGroup;
			children = (
				846BA69B233A54E10073479F /* ShopViewController.swift */,
				846BA6A6233A77BC0073479F /* BuyViewController.swift */,
			);
			path = ViewControllers;
			sourceTree = "<group>";
		};
		846BA69E233A556A0073479F /* Cells */ = {
			isa = PBXGroup;
			children = (
				846BA69F233A558D0073479F /* ItemCell.swift */,
				846BA6A0233A558D0073479F /* ItemCell.xib */,
				846BA6A8233A7A420073479F /* BuyCell.swift */,
				846BA6A9233A7A420073479F /* BuyCell.xib */,
			);
			path = Cells;
			sourceTree = "<group>";
		};
		846BA6A3233A57350073479F /* Model */ = {
			isa = PBXGroup;
			children = (
				846BA6A4233A57420073479F /* ShopModel.swift */,
			);
			path = Model;
			sourceTree = "<group>";
		};
		849BF293233B4EDA00B33C64 /* Extension */ = {
			isa = PBXGroup;
			children = (
				849BF296233B4F5600B33C64 /* ExtensionViewController.swift */,
				849BF298233B504300B33C64 /* StringExtension.swift */,
				849BF29A233B56EE00B33C64 /* ExtensionProtocol.swift */,
				849BF294233B4EED00B33C64 /* Extension.storyboard */,
			);
			path = Extension;
			sourceTree = "<group>";
		};
/* End PBXGroup section */

/* Begin PBXNativeTarget section */
		842D1D2123324DC900ED7506 /* AndersenTest */ = {
			isa = PBXNativeTarget;
			buildConfigurationList = 842D1D3423324DCC00ED7506 /* Build configuration list for PBXNativeTarget "AndersenTest" */;
			buildPhases = (
				842D1D1E23324DC900ED7506 /* Sources */,
				842D1D1F23324DC900ED7506 /* Frameworks */,
				842D1D2023324DC900ED7506 /* Resources */,
			);
			buildRules = (
			);
			dependencies = (
			);
			name = AndersenTest;
			productName = AndersenTest;
			productReference = 842D1D2223324DCA00ED7506 /* AndersenTest.app */;
			productType = "com.apple.product-type.application";
		};
/* End PBXNativeTarget section */

/* Begin PBXProject section */
		842D1D1A23324DC900ED7506 /* Project object */ = {
			isa = PBXProject;
			attributes = {
				LastSwiftUpdateCheck = 1030;
				LastUpgradeCheck = 1030;
				ORGANIZATIONNAME = "Viacheslav Savitsky";
				TargetAttributes = {
					842D1D2123324DC900ED7506 = {
						CreatedOnToolsVersion = 10.3;
					};
				};
			};
			buildConfigurationList = 842D1D1D23324DC900ED7506 /* Build configuration list for PBXProject "AndersenTest" */;
			compatibilityVersion = "Xcode 9.3";
			developmentRegion = en;
			hasScannedForEncodings = 0;
			knownRegions = (
				en,
				Base,
			);
			mainGroup = 842D1D1923324DC900ED7506;
			productRefGroup = 842D1D2323324DCA00ED7506 /* Products */;
			projectDirPath = "";
			projectRoot = "";
			targets = (
				842D1D2123324DC900ED7506 /* AndersenTest */,
			);
		};
/* End PBXProject section */

/* Begin PBXResourcesBuildPhase section */
		842D1D2023324DC900ED7506 /* Resources */ = {
			isa = PBXResourcesBuildPhase;
			buildActionMask = 2147483647;
			files = (
				842D1D3023324DCC00ED7506 /* LaunchScreen.storyboard in Resources */,
				849BF295233B4EED00B33C64 /* Extension.storyboard in Resources */,
				84077E0E233A07DF0000C8A3 /* XibView.xib in Resources */,
				846BA699233A52B90073479F /* Shop.storyboard in Resources */,
				842D1D2D23324DCC00ED7506 /* Assets.xcassets in Resources */,
				846BA6AB233A7A420073479F /* BuyCell.xib in Resources */,
				846BA6A2233A558D0073479F /* ItemCell.xib in Resources */,
				845E39EA2338B08C001111C3 /* Constraine.storyboard in Resources */,
				842D1D2B23324DCA00ED7506 /* Main.storyboard in Resources */,
			);
			runOnlyForDeploymentPostprocessing = 0;
		};
/* End PBXResourcesBuildPhase section */

/* Begin PBXSourcesBuildPhase section */
		842D1D1E23324DC900ED7506 /* Sources */ = {
			isa = PBXSourcesBuildPhase;
			buildActionMask = 2147483647;
			files = (
				842D1D2823324DCA00ED7506 /* AViewController.swift in Sources */,
				84077E10233A08470000C8A3 /* XibView.swift in Sources */,
				846BA6A7233A77BD0073479F /* BuyViewController.swift in Sources */,
				849BF29B233B56EE00B33C64 /* ExtensionProtocol.swift in Sources */,
				846BA6A1233A558D0073479F /* ItemCell.swift in Sources */,
				846BA6A5233A57420073479F /* ShopModel.swift in Sources */,
				84077E0C233A02A60000C8A3 /* LifecycleViewController.swift in Sources */,
				845E39EE2338BE9C001111C3 /* ConstraintViewController.swift in Sources */,
				846BA69C233A54E10073479F /* ShopViewController.swift in Sources */,
				849BF299233B504300B33C64 /* StringExtension.swift in Sources */,
				846BA6AA233A7A420073479F /* BuyCell.swift in Sources */,
				845E39F02338C25C001111C3 /* AnimationViewController.swift in Sources */,
				842D1D3823324E0B00ED7506 /* BViewController.swift in Sources */,
				849BF297233B4F5600B33C64 /* ExtensionViewController.swift in Sources */,
				842D1D2623324DCA00ED7506 /* AppDelegate.swift in Sources */,
			);
			runOnlyForDeploymentPostprocessing = 0;
		};
/* End PBXSourcesBuildPhase section */

/* Begin PBXVariantGroup section */
		842D1D2923324DCA00ED7506 /* Main.storyboard */ = {
			isa = PBXVariantGroup;
			children = (
				842D1D2A23324DCA00ED7506 /* Base */,
			);
			name = Main.storyboard;
			sourceTree = "<group>";
		};
		842D1D2E23324DCC00ED7506 /* LaunchScreen.storyboard */ = {
			isa = PBXVariantGroup;
			children = (
				842D1D2F23324DCC00ED7506 /* Base */,
			);
			name = LaunchScreen.storyboard;
			sourceTree = "<group>";
		};
/* End PBXVariantGroup section */

/* Begin XCBuildConfiguration section */
		842D1D3223324DCC00ED7506 /* Debug */ = {
			isa = XCBuildConfiguration;
			buildSettings = {
				ALWAYS_SEARCH_USER_PATHS = NO;
				CLANG_ANALYZER_NONNULL = YES;
				CLANG_ANALYZER_NUMBER_OBJECT_CONVERSION = YES_AGGRESSIVE;
				CLANG_CXX_LANGUAGE_STANDARD = "gnu++14";
				CLANG_CXX_LIBRARY = "libc++";
				CLANG_ENABLE_MODULES = YES;
				CLANG_ENABLE_OBJC_ARC = YES;
				CLANG_ENABLE_OBJC_WEAK = YES;
				CLANG_WARN_BLOCK_CAPTURE_AUTORELEASING = YES;
				CLANG_WARN_BOOL_CONVERSION = YES;
				CLANG_WARN_COMMA = YES;
				CLANG_WARN_CONSTANT_CONVERSION = YES;
				CLANG_WARN_DEPRECATED_OBJC_IMPLEMENTATIONS = YES;
				CLANG_WARN_DIRECT_OBJC_ISA_USAGE = YES_ERROR;
				CLANG_WARN_DOCUMENTATION_COMMENTS = YES;
				CLANG_WARN_EMPTY_BODY = YES;
				CLANG_WARN_ENUM_CONVERSION = YES;
				CLANG_WARN_INFINITE_RECURSION = YES;
				CLANG_WARN_INT_CONVERSION = YES;
				CLANG_WARN_NON_LITERAL_NULL_CONVERSION = YES;
				CLANG_WARN_OBJC_IMPLICIT_RETAIN_SELF = YES;
				CLANG_WARN_OBJC_LITERAL_CONVERSION = YES;
				CLANG_WARN_OBJC_ROOT_CLASS = YES_ERROR;
				CLANG_WARN_RANGE_LOOP_ANALYSIS = YES;
				CLANG_WARN_STRICT_PROTOTYPES = YES;
				CLANG_WARN_SUSPICIOUS_MOVE = YES;
				CLANG_WARN_UNGUARDED_AVAILABILITY = YES_AGGRESSIVE;
				CLANG_WARN_UNREACHABLE_CODE = YES;
				CLANG_WARN__DUPLICATE_METHOD_MATCH = YES;
				CODE_SIGN_IDENTITY = "iPhone Developer";
				COPY_PHASE_STRIP = NO;
				DEBUG_INFORMATION_FORMAT = dwarf;
				ENABLE_STRICT_OBJC_MSGSEND = YES;
				ENABLE_TESTABILITY = YES;
				GCC_C_LANGUAGE_STANDARD = gnu11;
				GCC_DYNAMIC_NO_PIC = NO;
				GCC_NO_COMMON_BLOCKS = YES;
				GCC_OPTIMIZATION_LEVEL = 0;
				GCC_PREPROCESSOR_DEFINITIONS = (
					"DEBUG=1",
					"$(inherited)",
				);
				GCC_WARN_64_TO_32_BIT_CONVERSION = YES;
				GCC_WARN_ABOUT_RETURN_TYPE = YES_ERROR;
				GCC_WARN_UNDECLARED_SELECTOR = YES;
				GCC_WARN_UNINITIALIZED_AUTOS = YES_AGGRESSIVE;
				GCC_WARN_UNUSED_FUNCTION = YES;
				GCC_WARN_UNUSED_VARIABLE = YES;
				IPHONEOS_DEPLOYMENT_TARGET = 12.4;
				MTL_ENABLE_DEBUG_INFO = INCLUDE_SOURCE;
				MTL_FAST_MATH = YES;
				ONLY_ACTIVE_ARCH = YES;
				SDKROOT = iphoneos;
				SWIFT_ACTIVE_COMPILATION_CONDITIONS = DEBUG;
				SWIFT_OPTIMIZATION_LEVEL = "-Onone";
			};
			name = Debug;
		};
		842D1D3323324DCC00ED7506 /* Release */ = {
			isa = XCBuildConfiguration;
			buildSettings = {
				ALWAYS_SEARCH_USER_PATHS = NO;
				CLANG_ANALYZER_NONNULL = YES;
				CLANG_ANALYZER_NUMBER_OBJECT_CONVERSION = YES_AGGRESSIVE;
				CLANG_CXX_LANGUAGE_STANDARD = "gnu++14";
				CLANG_CXX_LIBRARY = "libc++";
				CLANG_ENABLE_MODULES = YES;
				CLANG_ENABLE_OBJC_ARC = YES;
				CLANG_ENABLE_OBJC_WEAK = YES;
				CLANG_WARN_BLOCK_CAPTURE_AUTORELEASING = YES;
				CLANG_WARN_BOOL_CONVERSION = YES;
				CLANG_WARN_COMMA = YES;
				CLANG_WARN_CONSTANT_CONVERSION = YES;
				CLANG_WARN_DEPRECATED_OBJC_IMPLEMENTATIONS = YES;
				CLANG_WARN_DIRECT_OBJC_ISA_USAGE = YES_ERROR;
				CLANG_WARN_DOCUMENTATION_COMMENTS = YES;
				CLANG_WARN_EMPTY_BODY = YES;
				CLANG_WARN_ENUM_CONVERSION = YES;
				CLANG_WARN_INFINITE_RECURSION = YES;
				CLANG_WARN_INT_CONVERSION = YES;
				CLANG_WARN_NON_LITERAL_NULL_CONVERSION = YES;
				CLANG_WARN_OBJC_IMPLICIT_RETAIN_SELF = YES;
				CLANG_WARN_OBJC_LITERAL_CONVERSION = YES;
				CLANG_WARN_OBJC_ROOT_CLASS = YES_ERROR;
				CLANG_WARN_RANGE_LOOP_ANALYSIS = YES;
				CLANG_WARN_STRICT_PROTOTYPES = YES;
				CLANG_WARN_SUSPICIOUS_MOVE = YES;
				CLANG_WARN_UNGUARDED_AVAILABILITY = YES_AGGRESSIVE;
				CLANG_WARN_UNREACHABLE_CODE = YES;
				CLANG_WARN__DUPLICATE_METHOD_MATCH = YES;
				CODE_SIGN_IDENTITY = "iPhone Developer";
				COPY_PHASE_STRIP = NO;
				DEBUG_INFORMATION_FORMAT = "dwarf-with-dsym";
				ENABLE_NS_ASSERTIONS = NO;
				ENABLE_STRICT_OBJC_MSGSEND = YES;
				GCC_C_LANGUAGE_STANDARD = gnu11;
				GCC_NO_COMMON_BLOCKS = YES;
				GCC_WARN_64_TO_32_BIT_CONVERSION = YES;
				GCC_WARN_ABOUT_RETURN_TYPE = YES_ERROR;
				GCC_WARN_UNDECLARED_SELECTOR = YES;
				GCC_WARN_UNINITIALIZED_AUTOS = YES_AGGRESSIVE;
				GCC_WARN_UNUSED_FUNCTION = YES;
				GCC_WARN_UNUSED_VARIABLE = YES;
				IPHONEOS_DEPLOYMENT_TARGET = 12.4;
				MTL_ENABLE_DEBUG_INFO = NO;
				MTL_FAST_MATH = YES;
				SDKROOT = iphoneos;
				SWIFT_COMPILATION_MODE = wholemodule;
				SWIFT_OPTIMIZATION_LEVEL = "-O";
				VALIDATE_PRODUCT = YES;
			};
			name = Release;
		};
		842D1D3523324DCC00ED7506 /* Debug */ = {
			isa = XCBuildConfiguration;
			buildSettings = {
				ASSETCATALOG_COMPILER_APPICON_NAME = AppIcon;
				CODE_SIGN_STYLE = Automatic;
				DEVELOPMENT_TEAM = H9X3NJANTM;
				INFOPLIST_FILE = AndersenTest/Info.plist;
				LD_RUNPATH_SEARCH_PATHS = (
					"$(inherited)",
					"@executable_path/Frameworks",
				);
				PRODUCT_BUNDLE_IDENTIFIER = "Viacheslav-Savitsky.AndersenTest";
				PRODUCT_NAME = "$(TARGET_NAME)";
				SWIFT_VERSION = 5.0;
				TARGETED_DEVICE_FAMILY = 1;
			};
			name = Debug;
		};
		842D1D3623324DCC00ED7506 /* Release */ = {
			isa = XCBuildConfiguration;
			buildSettings = {
				ASSETCATALOG_COMPILER_APPICON_NAME = AppIcon;
				CODE_SIGN_STYLE = Automatic;
				DEVELOPMENT_TEAM = H9X3NJANTM;
				INFOPLIST_FILE = AndersenTest/Info.plist;
				LD_RUNPATH_SEARCH_PATHS = (
					"$(inherited)",
					"@executable_path/Frameworks",
				);
				PRODUCT_BUNDLE_IDENTIFIER = "Viacheslav-Savitsky.AndersenTest";
				PRODUCT_NAME = "$(TARGET_NAME)";
				SWIFT_VERSION = 5.0;
				TARGETED_DEVICE_FAMILY = 1;
			};
			name = Release;
		};
/* End XCBuildConfiguration section */

/* Begin XCConfigurationList section */
		842D1D1D23324DC900ED7506 /* Build configuration list for PBXProject "AndersenTest" */ = {
			isa = XCConfigurationList;
			buildConfigurations = (
				842D1D3223324DCC00ED7506 /* Debug */,
				842D1D3323324DCC00ED7506 /* Release */,
			);
			defaultConfigurationIsVisible = 0;
			defaultConfigurationName = Release;
		};
		842D1D3423324DCC00ED7506 /* Build configuration list for PBXNativeTarget "AndersenTest" */ = {
			isa = XCConfigurationList;
			buildConfigurations = (
				842D1D3523324DCC00ED7506 /* Debug */,
				842D1D3623324DCC00ED7506 /* Release */,
			);
			defaultConfigurationIsVisible = 0;
			defaultConfigurationName = Release;
		};
/* End XCConfigurationList section */
	};
	rootObject = 842D1D1A23324DC900ED7506 /* Project object */;
}
